// !$*UTF8*$!
{
	archiveVersion = 1;
	classes = {
	};
	objectVersion = 46;
	objects = {

/* Begin PBXBuildFile section */
		5955913C1EB79B3B0049D6FA /* DisplayGLFW.c in Sources */ = {isa = PBXBuildFile; fileRef = 595591261EB79B3B0049D6FA /* DisplayGLFW.c */; };
		5955913D1EB79B3B0049D6FA /* GXContext.cpp in Sources */ = {isa = PBXBuildFile; fileRef = 595591281EB79B3B0049D6FA /* GXContext.cpp */; };
		5955913E1EB79B3B0049D6FA /* GXLayer.cpp in Sources */ = {isa = PBXBuildFile; fileRef = 5955912B1EB79B3B0049D6FA /* GXLayer.cpp */; };
		5955913F1EB79B3B0049D6FA /* GXRenderer.cpp in Sources */ = {isa = PBXBuildFile; fileRef = 5955912D1EB79B3B0049D6FA /* GXRenderer.cpp */; };
		595591401EB79B3B0049D6FA /* main.cpp in Sources */ = {isa = PBXBuildFile; fileRef = 5955912F1EB79B3B0049D6FA /* main.cpp */; };
		595591411EB79B3B0049D6FA /* nanovg.c in Sources */ = {isa = PBXBuildFile; fileRef = 595591321EB79B3B0049D6FA /* nanovg.c */; };
		595591421EB79B3B0049D6FA /* nanovg_gl.c in Sources */ = {isa = PBXBuildFile; fileRef = 595591341EB79B3B0049D6FA /* nanovg_gl.c */; };
		59FA9D971E92183E00A96B57 /* OpenGL.framework in Frameworks */ = {isa = PBXBuildFile; fileRef = 59FA9D961E92183E00A96B57 /* OpenGL.framework */; };
		59FA9D9F1E921A6000A96B57 /* libglfw.3.dylib in Frameworks */ = {isa = PBXBuildFile; fileRef = 59FA9D9E1E921A6000A96B57 /* libglfw.3.dylib */; };
/* End PBXBuildFile section */

/* Begin PBXCopyFilesBuildPhase section */
		59FA9D7E1E9217CD00A96B57 /* CopyFiles */ = {
			isa = PBXCopyFilesBuildPhase;
			buildActionMask = 2147483647;
			dstPath = /usr/share/man/man1/;
			dstSubfolderSpec = 0;
			files = (
			);
			runOnlyForDeploymentPostprocessing = 1;
		};
/* End PBXCopyFilesBuildPhase section */

/* Begin PBXFileReference section */
		595591251EB79B3B0049D6FA /* Display.h */ = {isa = PBXFileReference; fileEncoding = 4; lastKnownFileType = sourcecode.c.h; path = Display.h; sourceTree = "<group>"; };
		595591261EB79B3B0049D6FA /* DisplayGLFW.c */ = {isa = PBXFileReference; fileEncoding = 4; lastKnownFileType = sourcecode.c.c; path = DisplayGLFW.c; sourceTree = "<group>"; };
		595591271EB79B3B0049D6FA /* GXColor.hpp */ = {isa = PBXFileReference; fileEncoding = 4; lastKnownFileType = sourcecode.cpp.h; path = GXColor.hpp; sourceTree = "<group>"; };
		595591281EB79B3B0049D6FA /* GXContext.cpp */ = {isa = PBXFileReference; fileEncoding = 4; lastKnownFileType = sourcecode.cpp.cpp; path = GXContext.cpp; sourceTree = "<group>"; };
		595591291EB79B3B0049D6FA /* GXContext.hpp */ = {isa = PBXFileReference; fileEncoding = 4; lastKnownFileType = sourcecode.cpp.h; path = GXContext.hpp; sourceTree = "<group>"; };
		5955912A1EB79B3B0049D6FA /* GXGeometry.hpp */ = {isa = PBXFileReference; fileEncoding = 4; lastKnownFileType = sourcecode.cpp.h; path = GXGeometry.hpp; sourceTree = "<group>"; };
		5955912B1EB79B3B0049D6FA /* GXLayer.cpp */ = {isa = PBXFileReference; fileEncoding = 4; lastKnownFileType = sourcecode.cpp.cpp; path = GXLayer.cpp; sourceTree = "<group>"; };
		5955912C1EB79B3B0049D6FA /* GXLayer.hpp */ = {isa = PBXFileReference; fileEncoding = 4; lastKnownFileType = sourcecode.cpp.h; path = GXLayer.hpp; sourceTree = "<group>"; };
		5955912D1EB79B3B0049D6FA /* GXRenderer.cpp */ = {isa = PBXFileReference; fileEncoding = 4; lastKnownFileType = sourcecode.cpp.cpp; path = GXRenderer.cpp; sourceTree = "<group>"; };
		5955912E1EB79B3B0049D6FA /* GXRenderer.hpp */ = {isa = PBXFileReference; fileEncoding = 4; lastKnownFileType = sourcecode.cpp.h; path = GXRenderer.hpp; sourceTree = "<group>"; };
		5955912F1EB79B3B0049D6FA /* main.cpp */ = {isa = PBXFileReference; fileEncoding = 4; lastKnownFileType = sourcecode.cpp.cpp; path = main.cpp; sourceTree = "<group>"; };
		595591311EB79B3B0049D6FA /* fontstash.h */ = {isa = PBXFileReference; fileEncoding = 4; lastKnownFileType = sourcecode.c.h; path = fontstash.h; sourceTree = "<group>"; };
		595591321EB79B3B0049D6FA /* nanovg.c */ = {isa = PBXFileReference; fileEncoding = 4; lastKnownFileType = sourcecode.c.c; path = nanovg.c; sourceTree = "<group>"; };
		595591331EB79B3B0049D6FA /* nanovg.h */ = {isa = PBXFileReference; fileEncoding = 4; lastKnownFileType = sourcecode.c.h; path = nanovg.h; sourceTree = "<group>"; };
		595591341EB79B3B0049D6FA /* nanovg_gl.c */ = {isa = PBXFileReference; fileEncoding = 4; lastKnownFileType = sourcecode.c.c; path = nanovg_gl.c; sourceTree = "<group>"; };
		595591351EB79B3B0049D6FA /* nanovg_gl.h */ = {isa = PBXFileReference; fileEncoding = 4; lastKnownFileType = sourcecode.c.h; path = nanovg_gl.h; sourceTree = "<group>"; };
		595591361EB79B3B0049D6FA /* nanovg_gl_utils.h */ = {isa = PBXFileReference; fileEncoding = 4; lastKnownFileType = sourcecode.c.h; path = nanovg_gl_utils.h; sourceTree = "<group>"; };
		595591371EB79B3B0049D6FA /* stb_image.h */ = {isa = PBXFileReference; fileEncoding = 4; lastKnownFileType = sourcecode.c.h; path = stb_image.h; sourceTree = "<group>"; };
		595591381EB79B3B0049D6FA /* stb_truetype.h */ = {isa = PBXFileReference; fileEncoding = 4; lastKnownFileType = sourcecode.c.h; path = stb_truetype.h; sourceTree = "<group>"; };
		595591391EB79B3B0049D6FA /* NG.h */ = {isa = PBXFileReference; fileEncoding = 4; lastKnownFileType = sourcecode.c.h; path = NG.h; sourceTree = "<group>"; };
		5955913A1EB79B3B0049D6FA /* piGL.c */ = {isa = PBXFileReference; fileEncoding = 4; lastKnownFileType = sourcecode.c.c; path = piGL.c; sourceTree = "<group>"; };
		5955913B1EB79B3B0049D6FA /* piGL.h */ = {isa = PBXFileReference; fileEncoding = 4; lastKnownFileType = sourcecode.c.h; path = piGL.h; sourceTree = "<group>"; };
		59FA9D801E9217CD00A96B57 /* GX */ = {isa = PBXFileReference; explicitFileType = "compiled.mach-o.executable"; includeInIndex = 0; path = GX; sourceTree = BUILT_PRODUCTS_DIR; };
		59FA9D961E92183E00A96B57 /* OpenGL.framework */ = {isa = PBXFileReference; lastKnownFileType = wrapper.framework; name = OpenGL.framework; path = System/Library/Frameworks/OpenGL.framework; sourceTree = SDKROOT; };
		59FA9D9E1E921A6000A96B57 /* libglfw.3.dylib */ = {isa = PBXFileReference; lastKnownFileType = "compiled.mach-o.dylib"; name = libglfw.3.dylib; path = ../../../../../../usr/local/lib/libglfw.3.dylib; sourceTree = "<group>"; };
/* End PBXFileReference section */

/* Begin PBXFrameworksBuildPhase section */
		59FA9D7D1E9217CD00A96B57 /* Frameworks */ = {
			isa = PBXFrameworksBuildPhase;
			buildActionMask = 2147483647;
			files = (
				59FA9D971E92183E00A96B57 /* OpenGL.framework in Frameworks */,
				59FA9D9F1E921A6000A96B57 /* libglfw.3.dylib in Frameworks */,
			);
			runOnlyForDeploymentPostprocessing = 0;
		};
/* End PBXFrameworksBuildPhase section */

/* Begin PBXGroup section */
		595591241EB79B3B0049D6FA /* src */ = {
			isa = PBXGroup;
			children = (
				595591251EB79B3B0049D6FA /* Display.h */,
				595591261EB79B3B0049D6FA /* DisplayGLFW.c */,
				595591271EB79B3B0049D6FA /* GXColor.hpp */,
				595591281EB79B3B0049D6FA /* GXContext.cpp */,
				595591291EB79B3B0049D6FA /* GXContext.hpp */,
				5955912A1EB79B3B0049D6FA /* GXGeometry.hpp */,
				5955912B1EB79B3B0049D6FA /* GXLayer.cpp */,
				5955912C1EB79B3B0049D6FA /* GXLayer.hpp */,
				5955912D1EB79B3B0049D6FA /* GXRenderer.cpp */,
				5955912E1EB79B3B0049D6FA /* GXRenderer.hpp */,
				5955912F1EB79B3B0049D6FA /* main.cpp */,
				595591301EB79B3B0049D6FA /* nanovg */,
				595591391EB79B3B0049D6FA /* NG.h */,
				5955913A1EB79B3B0049D6FA /* piGL.c */,
				5955913B1EB79B3B0049D6FA /* piGL.h */,
			);
			path = src;
			sourceTree = "<group>";
		};
		595591301EB79B3B0049D6FA /* nanovg */ = {
			isa = PBXGroup;
			children = (
				595591311EB79B3B0049D6FA /* fontstash.h */,
				595591321EB79B3B0049D6FA /* nanovg.c */,
				595591331EB79B3B0049D6FA /* nanovg.h */,
				595591341EB79B3B0049D6FA /* nanovg_gl.c */,
				595591351EB79B3B0049D6FA /* nanovg_gl.h */,
				595591361EB79B3B0049D6FA /* nanovg_gl_utils.h */,
				595591371EB79B3B0049D6FA /* stb_image.h */,
				595591381EB79B3B0049D6FA /* stb_truetype.h */,
			);
			path = nanovg;
			sourceTree = "<group>";
		};
		59FA9D771E9217CD00A96B57 = {
			isa = PBXGroup;
			children = (
				595591241EB79B3B0049D6FA /* src */,
				59FA9D811E9217CD00A96B57 /* Products */,
				59FA9D951E92183E00A96B57 /* Frameworks */,
			);
			sourceTree = "<group>";
		};
		59FA9D811E9217CD00A96B57 /* Products */ = {
			isa = PBXGroup;
			children = (
				59FA9D801E9217CD00A96B57 /* GX */,
			);
			name = Products;
			sourceTree = "<group>";
		};
		59FA9D951E92183E00A96B57 /* Frameworks */ = {
			isa = PBXGroup;
			children = (
				59FA9D9E1E921A6000A96B57 /* libglfw.3.dylib */,
				59FA9D961E92183E00A96B57 /* OpenGL.framework */,
			);
			name = Frameworks;
			sourceTree = "<group>";
		};
/* End PBXGroup section */

/* Begin PBXNativeTarget section */
		59FA9D7F1E9217CD00A96B57 /* GX */ = {
			isa = PBXNativeTarget;
			buildConfigurationList = 59FA9D871E9217CD00A96B57 /* Build configuration list for PBXNativeTarget "GX" */;
			buildPhases = (
				59FA9D7C1E9217CD00A96B57 /* Sources */,
				59FA9D7D1E9217CD00A96B57 /* Frameworks */,
				59FA9D7E1E9217CD00A96B57 /* CopyFiles */,
			);
			buildRules = (
			);
			dependencies = (
			);
			name = GX;
			productName = nanoVG;
			productReference = 59FA9D801E9217CD00A96B57 /* GX */;
			productType = "com.apple.product-type.tool";
		};
/* End PBXNativeTarget section */

/* Begin PBXProject section */
		59FA9D781E9217CD00A96B57 /* Project object */ = {
			isa = PBXProject;
			attributes = {
				LastUpgradeCheck = 0820;
				ORGANIZATIONNAME = "Unlimited Development";
				TargetAttributes = {
					59FA9D7F1E9217CD00A96B57 = {
						CreatedOnToolsVersion = 8.2;
						ProvisioningStyle = Automatic;
					};
				};
			};
			buildConfigurationList = 59FA9D7B1E9217CD00A96B57 /* Build configuration list for PBXProject "GX" */;
			compatibilityVersion = "Xcode 3.2";
			developmentRegion = English;
			hasScannedForEncodings = 0;
			knownRegions = (
				en,
			);
			mainGroup = 59FA9D771E9217CD00A96B57;
			productRefGroup = 59FA9D811E9217CD00A96B57 /* Products */;
			projectDirPath = "";
			projectRoot = "";
			targets = (
				59FA9D7F1E9217CD00A96B57 /* GX */,
			);
		};
/* End PBXProject section */

/* Begin PBXSourcesBuildPhase section */
		59FA9D7C1E9217CD00A96B57 /* Sources */ = {
			isa = PBXSourcesBuildPhase;
			buildActionMask = 2147483647;
			files = (
				5955913D1EB79B3B0049D6FA /* GXContext.cpp in Sources */,
				5955913F1EB79B3B0049D6FA /* GXRenderer.cpp in Sources */,
				595591421EB79B3B0049D6FA /* nanovg_gl.c in Sources */,
				595591411EB79B3B0049D6FA /* nanovg.c in Sources */,
				5955913E1EB79B3B0049D6FA /* GXLayer.cpp in Sources */,
				595591401EB79B3B0049D6FA /* main.cpp in Sources */,
				5955913C1EB79B3B0049D6FA /* DisplayGLFW.c in Sources */,
			);
			runOnlyForDeploymentPostprocessing = 0;
		};
/* End PBXSourcesBuildPhase section */

/* Begin XCBuildConfiguration section */
		59FA9D851E9217CD00A96B57 /* Debug */ = {
			isa = XCBuildConfiguration;
			buildSettings = {
				ALWAYS_SEARCH_USER_PATHS = NO;
				CLANG_ANALYZER_NONNULL = YES;
				CLANG_CXX_LANGUAGE_STANDARD = "gnu++0x";
				CLANG_CXX_LIBRARY = "libc++";
				CLANG_ENABLE_MODULES = YES;
				CLANG_ENABLE_OBJC_ARC = YES;
				CLANG_WARN_BOOL_CONVERSION = YES;
				CLANG_WARN_CONSTANT_CONVERSION = YES;
				CLANG_WARN_DIRECT_OBJC_ISA_USAGE = YES_ERROR;
				CLANG_WARN_DOCUMENTATION_COMMENTS = NO;
				CLANG_WARN_EMPTY_BODY = YES;
				CLANG_WARN_ENUM_CONVERSION = YES;
				CLANG_WARN_INFINITE_RECURSION = YES;
				CLANG_WARN_INT_CONVERSION = YES;
				CLANG_WARN_OBJC_ROOT_CLASS = YES_ERROR;
				CLANG_WARN_SUSPICIOUS_MOVE = YES;
				CLANG_WARN_UNREACHABLE_CODE = YES;
				CLANG_WARN__DUPLICATE_METHOD_MATCH = YES;
				CODE_SIGN_IDENTITY = "-";
				COPY_PHASE_STRIP = NO;
				DEBUG_INFORMATION_FORMAT = dwarf;
				ENABLE_STRICT_OBJC_MSGSEND = YES;
				ENABLE_TESTABILITY = YES;
				GCC_C_LANGUAGE_STANDARD = gnu99;
				GCC_DYNAMIC_NO_PIC = NO;
				GCC_NO_COMMON_BLOCKS = YES;
				GCC_OPTIMIZATION_LEVEL = 0;
				GCC_PREPROCESSOR_DEFINITIONS = (
					"DEBUG=1",
					"$(inherited)",
				);
				GCC_WARN_64_TO_32_BIT_CONVERSION = YES;
				GCC_WARN_ABOUT_RETURN_TYPE = YES_ERROR;
				GCC_WARN_UNDECLARED_SELECTOR = YES;
				GCC_WARN_UNINITIALIZED_AUTOS = YES_AGGRESSIVE;
				GCC_WARN_UNUSED_FUNCTION = YES;
				GCC_WARN_UNUSED_VARIABLE = YES;
				HEADER_SEARCH_PATHS = /usr/local/include/;
				LIBRARY_SEARCH_PATHS = /usr/local/lib/;
				MACOSX_DEPLOYMENT_TARGET = 10.12;
				MTL_ENABLE_DEBUG_INFO = YES;
				ONLY_ACTIVE_ARCH = YES;
				OTHER_CFLAGS = (
					"-DUSE_GLFW",
					"-DNANOVG_GL3_IMPLEMENTATION",
				);
				SDKROOT = macosx;
			};
			name = Debug;
		};
		59FA9D861E9217CD00A96B57 /* Release */ = {
			isa = XCBuildConfiguration;
			buildSettings = {
				ALWAYS_SEARCH_USER_PATHS = NO;
				CLANG_ANALYZER_NONNULL = YES;
				CLANG_CXX_LANGUAGE_STANDARD = "gnu++0x";
				CLANG_CXX_LIBRARY = "libc++";
				CLANG_ENABLE_MODULES = YES;
				CLANG_ENABLE_OBJC_ARC = YES;
				CLANG_WARN_BOOL_CONVERSION = YES;
				CLANG_WARN_CONSTANT_CONVERSION = YES;
				CLANG_WARN_DIRECT_OBJC_ISA_USAGE = YES_ERROR;
				CLANG_WARN_DOCUMENTATION_COMMENTS = NO;
				CLANG_WARN_EMPTY_BODY = YES;
				CLANG_WARN_ENUM_CONVERSION = YES;
				CLANG_WARN_INFINITE_RECURSION = YES;
				CLANG_WARN_INT_CONVERSION = YES;
				CLANG_WARN_OBJC_ROOT_CLASS = YES_ERROR;
				CLANG_WARN_SUSPICIOUS_MOVE = YES;
				CLANG_WARN_UNREACHABLE_CODE = YES;
				CLANG_WARN__DUPLICATE_METHOD_MATCH = YES;
				CODE_SIGN_IDENTITY = "-";
				COPY_PHASE_STRIP = NO;
				DEBUG_INFORMATION_FORMAT = "dwarf-with-dsym";
				ENABLE_NS_ASSERTIONS = NO;
				ENABLE_STRICT_OBJC_MSGSEND = YES;
				GCC_C_LANGUAGE_STANDARD = gnu99;
				GCC_NO_COMMON_BLOCKS = YES;
				GCC_WARN_64_TO_32_BIT_CONVERSION = YES;
				GCC_WARN_ABOUT_RETURN_TYPE = YES_ERROR;
				GCC_WARN_UNDECLARED_SELECTOR = YES;
				GCC_WARN_UNINITIALIZED_AUTOS = YES_AGGRESSIVE;
				GCC_WARN_UNUSED_FUNCTION = YES;
				GCC_WARN_UNUSED_VARIABLE = YES;
				HEADER_SEARCH_PATHS = /usr/local/include/;
				LIBRARY_SEARCH_PATHS = /usr/local/lib/;
				MACOSX_DEPLOYMENT_TARGET = 10.12;
				MTL_ENABLE_DEBUG_INFO = NO;
				OTHER_CFLAGS = (
					"-DUSE_GLFW",
					"-DNANOVG_GL3_IMPLEMENTATION",
				);
				SDKROOT = macosx;
			};
			name = Release;
		};
		59FA9D881E9217CD00A96B57 /* Debug */ = {
			isa = XCBuildConfiguration;
			buildSettings = {
				PRODUCT_NAME = "$(TARGET_NAME)";
			};
			name = Debug;
		};
		59FA9D891E9217CD00A96B57 /* Release */ = {
			isa = XCBuildConfiguration;
			buildSettings = {
				PRODUCT_NAME = "$(TARGET_NAME)";
			};
			name = Release;
		};
/* End XCBuildConfiguration section */

/* Begin XCConfigurationList section */
		59FA9D7B1E9217CD00A96B57 /* Build configuration list for PBXProject "GX" */ = {
			isa = XCConfigurationList;
			buildConfigurations = (
				59FA9D851E9217CD00A96B57 /* Debug */,
				59FA9D861E9217CD00A96B57 /* Release */,
			);
			defaultConfigurationIsVisible = 0;
			defaultConfigurationName = Release;
		};
		59FA9D871E9217CD00A96B57 /* Build configuration list for PBXNativeTarget "GX" */ = {
			isa = XCConfigurationList;
			buildConfigurations = (
				59FA9D881E9217CD00A96B57 /* Debug */,
				59FA9D891E9217CD00A96B57 /* Release */,
			);
			defaultConfigurationIsVisible = 0;
			defaultConfigurationName = Release;
		};
/* End XCConfigurationList section */
	};
	rootObject = 59FA9D781E9217CD00A96B57 /* Project object */;
}
