// !$*UTF8*$!
{
	archiveVersion = 1;
	classes = {
	};
	objectVersion = 46;
	objects = {

/* Begin PBXBuildFile section */
		594285021EF7C08D0080DEAA /* GXText.hpp in Headers */ = {isa = PBXBuildFile; fileRef = 594285011EF7C08D0080DEAA /* GXText.hpp */; settings = {ATTRIBUTES = (Public, ); }; };
		595B2F021ECB065100B4FE62 /* DisplayGLFW.c in Sources */ = {isa = PBXBuildFile; fileRef = 595591481EB87B050049D6FA /* DisplayGLFW.c */; };
		595B2F071ECB066200B4FE62 /* GXLayer.cpp in Sources */ = {isa = PBXBuildFile; fileRef = 5955912B1EB79B3B0049D6FA /* GXLayer.cpp */; };
		595B2F0B1ECB066200B4FE62 /* fontstash.h in Headers */ = {isa = PBXBuildFile; fileRef = 595591311EB79B3B0049D6FA /* fontstash.h */; };
		595B2F0C1ECB066200B4FE62 /* nanovg.c in Sources */ = {isa = PBXBuildFile; fileRef = 595591321EB79B3B0049D6FA /* nanovg.c */; };
		595B2F0D1ECB066200B4FE62 /* nanovg.h in Headers */ = {isa = PBXBuildFile; fileRef = 595591331EB79B3B0049D6FA /* nanovg.h */; };
		595B2F0E1ECB066200B4FE62 /* nanovg_gl.c in Sources */ = {isa = PBXBuildFile; fileRef = 595591341EB79B3B0049D6FA /* nanovg_gl.c */; };
		595B2F0F1ECB066200B4FE62 /* nanovg_gl.h in Headers */ = {isa = PBXBuildFile; fileRef = 595591351EB79B3B0049D6FA /* nanovg_gl.h */; };
		595B2F101ECB066200B4FE62 /* nanovg_gl_utils.h in Headers */ = {isa = PBXBuildFile; fileRef = 595591361EB79B3B0049D6FA /* nanovg_gl_utils.h */; };
		595B2F111ECB066200B4FE62 /* stb_image.h in Headers */ = {isa = PBXBuildFile; fileRef = 595591371EB79B3B0049D6FA /* stb_image.h */; };
		595B2F121ECB066200B4FE62 /* stb_truetype.h in Headers */ = {isa = PBXBuildFile; fileRef = 595591381EB79B3B0049D6FA /* stb_truetype.h */; };
		595B2F131ECB066200B4FE62 /* NG.h in Headers */ = {isa = PBXBuildFile; fileRef = 595591391EB79B3B0049D6FA /* NG.h */; };
		595B2F161ECB068600B4FE62 /* libGroundBase-cpp.dylib in Frameworks */ = {isa = PBXBuildFile; fileRef = 5955914A1EB87B9B0049D6FA /* libGroundBase-cpp.dylib */; };
		595B2F171ECB068800B4FE62 /* libglfw.3.dylib in Frameworks */ = {isa = PBXBuildFile; fileRef = 59FA9D9E1E921A6000A96B57 /* libglfw.3.dylib */; };
		595B2F181ECB068A00B4FE62 /* OpenGL.framework in Frameworks */ = {isa = PBXBuildFile; fileRef = 59FA9D961E92183E00A96B57 /* OpenGL.framework */; };
		595B2F191ECB06EE00B4FE62 /* libGX.dylib in Frameworks */ = {isa = PBXBuildFile; fileRef = 595B2EFA1ECB063B00B4FE62 /* libGX.dylib */; };
		595B2F1A1ECB071000B4FE62 /* libGroundBase-cpp.dylib in Frameworks */ = {isa = PBXBuildFile; fileRef = 5955914A1EB87B9B0049D6FA /* libGroundBase-cpp.dylib */; };
		595B2F1B1ECB071F00B4FE62 /* libglfw.3.dylib in Frameworks */ = {isa = PBXBuildFile; fileRef = 59FA9D9E1E921A6000A96B57 /* libglfw.3.dylib */; };
		595B2F1C1ECB072200B4FE62 /* OpenGL.framework in Frameworks */ = {isa = PBXBuildFile; fileRef = 59FA9D961E92183E00A96B57 /* OpenGL.framework */; };
		59E0D3271ECD976C00BF10C4 /* GXColor.hpp in Headers */ = {isa = PBXBuildFile; fileRef = 59E0D3211ECD976C00BF10C4 /* GXColor.hpp */; settings = {ATTRIBUTES = (Public, ); }; };
		59E0D3291ECD976C00BF10C4 /* GXContext.hpp in Headers */ = {isa = PBXBuildFile; fileRef = 59E0D3231ECD976C00BF10C4 /* GXContext.hpp */; settings = {ATTRIBUTES = (Public, ); }; };
		59E0D32A1ECD976C00BF10C4 /* GXGeometry.hpp in Headers */ = {isa = PBXBuildFile; fileRef = 59E0D3241ECD976C00BF10C4 /* GXGeometry.hpp */; settings = {ATTRIBUTES = (Public, ); }; };
		59E0D32B1ECD976C00BF10C4 /* GXLayer.hpp in Headers */ = {isa = PBXBuildFile; fileRef = 59E0D3251ECD976C00BF10C4 /* GXLayer.hpp */; settings = {ATTRIBUTES = (Public, ); }; };
		59E0D32E1ECD977900BF10C4 /* GXContext.cpp in Sources */ = {isa = PBXBuildFile; fileRef = 59E0D32D1ECD977900BF10C4 /* GXContext.cpp */; };
		59E0D3321ECD97A900BF10C4 /* Display.h in Headers */ = {isa = PBXBuildFile; fileRef = 59E0D32F1ECD97A900BF10C4 /* Display.h */; settings = {ATTRIBUTES = (Public, ); }; };
		59E0D3331ECD97A900BF10C4 /* GXEvent.h in Headers */ = {isa = PBXBuildFile; fileRef = 59E0D3301ECD97A900BF10C4 /* GXEvent.h */; settings = {ATTRIBUTES = (Public, ); }; };
		59E0D3341ECD97A900BF10C4 /* GXKey.h in Headers */ = {isa = PBXBuildFile; fileRef = 59E0D3311ECD97A900BF10C4 /* GXKey.h */; settings = {ATTRIBUTES = (Public, ); }; };
		59E0D3371ECD984100BF10C4 /* main.cpp in Sources */ = {isa = PBXBuildFile; fileRef = 59E0D3361ECD984100BF10C4 /* main.cpp */; };
		59E0D38A1ECEF13900BF10C4 /* GXFont.hpp in Headers */ = {isa = PBXBuildFile; fileRef = 59E0D3881ECEF13900BF10C4 /* GXFont.hpp */; settings = {ATTRIBUTES = (Public, ); }; };
		59E0D38C1ECEF15200BF10C4 /* GXFont.cpp in Sources */ = {isa = PBXBuildFile; fileRef = 59E0D38B1ECEF15200BF10C4 /* GXFont.cpp */; };
		59E0D39E1ED0918A00BF10C4 /* GXTextContainer.hpp in Headers */ = {isa = PBXBuildFile; fileRef = 59E0D39D1ED0918A00BF10C4 /* GXTextContainer.hpp */; settings = {ATTRIBUTES = (Public, ); }; };
		59E0D3A91ED180BB00BF10C4 /* GXTextContainer.cpp in Sources */ = {isa = PBXBuildFile; fileRef = 59E0D39B1ED0917600BF10C4 /* GXTextContainer.cpp */; };
		59E0D3EA1ED4A71E00BF10C4 /* GX.hpp in Headers */ = {isa = PBXBuildFile; fileRef = 59E0D3E91ED4A71E00BF10C4 /* GX.hpp */; settings = {ATTRIBUTES = (Public, ); }; };
		59F83A161EFBA3DA00D28B92 /* libGX.dylib in Frameworks */ = {isa = PBXBuildFile; fileRef = 595B2EFA1ECB063B00B4FE62 /* libGX.dylib */; };
		59F83A171EFBA3DA00D28B92 /* libGroundBase-cpp.dylib in Frameworks */ = {isa = PBXBuildFile; fileRef = 5955914A1EB87B9B0049D6FA /* libGroundBase-cpp.dylib */; };
		59F83A181EFBA3DA00D28B92 /* libglfw.3.dylib in Frameworks */ = {isa = PBXBuildFile; fileRef = 59FA9D9E1E921A6000A96B57 /* libglfw.3.dylib */; };
		59F83A191EFBA3DA00D28B92 /* OpenGL.framework in Frameworks */ = {isa = PBXBuildFile; fileRef = 59FA9D961E92183E00A96B57 /* OpenGL.framework */; };
		59F83A211EFBA41800D28B92 /* mainUnitTests.cpp in Sources */ = {isa = PBXBuildFile; fileRef = 59F83A201EFBA41800D28B92 /* mainUnitTests.cpp */; };
		59F83A241EFBA44D00D28B92 /* GXLayerUnitTest.cpp in Sources */ = {isa = PBXBuildFile; fileRef = 59F83A221EFBA44D00D28B92 /* GXLayerUnitTest.cpp */; };
		59F83A411EFBD4DF00D28B92 /* GXDisplay.cpp in Sources */ = {isa = PBXBuildFile; fileRef = 59F83A3F1EFBD4DF00D28B92 /* GXDisplay.cpp */; };
		59F83A441EFBD4F500D28B92 /* GXDisplay.hpp in Headers */ = {isa = PBXBuildFile; fileRef = 59F83A431EFBD4F500D28B92 /* GXDisplay.hpp */; settings = {ATTRIBUTES = (Public, ); }; };
/* End PBXBuildFile section */

/* Begin PBXCopyFilesBuildPhase section */
		59F83A1A1EFBA3DA00D28B92 /* CopyFiles */ = {
			isa = PBXCopyFilesBuildPhase;
			buildActionMask = 2147483647;
			dstPath = /usr/share/man/man1/;
			dstSubfolderSpec = 0;
			files = (
			);
			runOnlyForDeploymentPostprocessing = 1;
		};
		59FA9D7E1E9217CD00A96B57 /* CopyFiles */ = {
			isa = PBXCopyFilesBuildPhase;
			buildActionMask = 2147483647;
			dstPath = /usr/share/man/man1/;
			dstSubfolderSpec = 0;
			files = (
			);
			runOnlyForDeploymentPostprocessing = 1;
		};
/* End PBXCopyFilesBuildPhase section */

/* Begin PBXFileReference section */
		594285011EF7C08D0080DEAA /* GXText.hpp */ = {isa = PBXFileReference; fileEncoding = 4; lastKnownFileType = sourcecode.cpp.h; path = GXText.hpp; sourceTree = "<group>"; };
		5955912B1EB79B3B0049D6FA /* GXLayer.cpp */ = {isa = PBXFileReference; fileEncoding = 4; lastKnownFileType = sourcecode.cpp.cpp; path = GXLayer.cpp; sourceTree = "<group>"; };
		595591311EB79B3B0049D6FA /* fontstash.h */ = {isa = PBXFileReference; fileEncoding = 4; lastKnownFileType = sourcecode.c.h; path = fontstash.h; sourceTree = "<group>"; };
		595591321EB79B3B0049D6FA /* nanovg.c */ = {isa = PBXFileReference; fileEncoding = 4; lastKnownFileType = sourcecode.c.c; path = nanovg.c; sourceTree = "<group>"; };
		595591331EB79B3B0049D6FA /* nanovg.h */ = {isa = PBXFileReference; fileEncoding = 4; lastKnownFileType = sourcecode.c.h; path = nanovg.h; sourceTree = "<group>"; };
		595591341EB79B3B0049D6FA /* nanovg_gl.c */ = {isa = PBXFileReference; fileEncoding = 4; lastKnownFileType = sourcecode.c.c; path = nanovg_gl.c; sourceTree = "<group>"; };
		595591351EB79B3B0049D6FA /* nanovg_gl.h */ = {isa = PBXFileReference; fileEncoding = 4; lastKnownFileType = sourcecode.c.h; path = nanovg_gl.h; sourceTree = "<group>"; };
		595591361EB79B3B0049D6FA /* nanovg_gl_utils.h */ = {isa = PBXFileReference; fileEncoding = 4; lastKnownFileType = sourcecode.c.h; path = nanovg_gl_utils.h; sourceTree = "<group>"; };
		595591371EB79B3B0049D6FA /* stb_image.h */ = {isa = PBXFileReference; fileEncoding = 4; lastKnownFileType = sourcecode.c.h; path = stb_image.h; sourceTree = "<group>"; };
		595591381EB79B3B0049D6FA /* stb_truetype.h */ = {isa = PBXFileReference; fileEncoding = 4; lastKnownFileType = sourcecode.c.h; path = stb_truetype.h; sourceTree = "<group>"; };
		595591391EB79B3B0049D6FA /* NG.h */ = {isa = PBXFileReference; fileEncoding = 4; lastKnownFileType = sourcecode.c.h; path = NG.h; sourceTree = "<group>"; };
		595591471EB87B050049D6FA /* DisplayDispMan.c */ = {isa = PBXFileReference; lastKnownFileType = sourcecode.c.c; path = DisplayDispMan.c; sourceTree = "<group>"; };
		595591481EB87B050049D6FA /* DisplayGLFW.c */ = {isa = PBXFileReference; lastKnownFileType = sourcecode.c.c; path = DisplayGLFW.c; sourceTree = "<group>"; };
		5955914A1EB87B9B0049D6FA /* libGroundBase-cpp.dylib */ = {isa = PBXFileReference; lastKnownFileType = "compiled.mach-o.dylib"; name = "libGroundBase-cpp.dylib"; path = "../../../../../../usr/local/lib/libGroundBase-cpp.dylib"; sourceTree = "<group>"; };
		595B2EFA1ECB063B00B4FE62 /* libGX.dylib */ = {isa = PBXFileReference; explicitFileType = "compiled.mach-o.dylib"; includeInIndex = 0; path = libGX.dylib; sourceTree = BUILT_PRODUCTS_DIR; };
		59E0D3211ECD976C00BF10C4 /* GXColor.hpp */ = {isa = PBXFileReference; fileEncoding = 4; lastKnownFileType = sourcecode.cpp.h; path = GXColor.hpp; sourceTree = "<group>"; };
		59E0D3231ECD976C00BF10C4 /* GXContext.hpp */ = {isa = PBXFileReference; fileEncoding = 4; lastKnownFileType = sourcecode.cpp.h; path = GXContext.hpp; sourceTree = "<group>"; };
		59E0D3241ECD976C00BF10C4 /* GXGeometry.hpp */ = {isa = PBXFileReference; fileEncoding = 4; lastKnownFileType = sourcecode.cpp.h; path = GXGeometry.hpp; sourceTree = "<group>"; };
		59E0D3251ECD976C00BF10C4 /* GXLayer.hpp */ = {isa = PBXFileReference; fileEncoding = 4; lastKnownFileType = sourcecode.cpp.h; path = GXLayer.hpp; sourceTree = "<group>"; };
		59E0D32D1ECD977900BF10C4 /* GXContext.cpp */ = {isa = PBXFileReference; fileEncoding = 4; lastKnownFileType = sourcecode.cpp.cpp; name = GXContext.cpp; path = src/GXContext.cpp; sourceTree = SOURCE_ROOT; };
		59E0D32F1ECD97A900BF10C4 /* Display.h */ = {isa = PBXFileReference; fileEncoding = 4; lastKnownFileType = sourcecode.c.h; path = Display.h; sourceTree = "<group>"; };
		59E0D3301ECD97A900BF10C4 /* GXEvent.h */ = {isa = PBXFileReference; fileEncoding = 4; lastKnownFileType = sourcecode.c.h; path = GXEvent.h; sourceTree = "<group>"; };
		59E0D3311ECD97A900BF10C4 /* GXKey.h */ = {isa = PBXFileReference; fileEncoding = 4; lastKnownFileType = sourcecode.c.h; path = GXKey.h; sourceTree = "<group>"; };
		59E0D3361ECD984100BF10C4 /* main.cpp */ = {isa = PBXFileReference; fileEncoding = 4; lastKnownFileType = sourcecode.cpp.cpp; path = main.cpp; sourceTree = "<group>"; };
		59E0D3881ECEF13900BF10C4 /* GXFont.hpp */ = {isa = PBXFileReference; fileEncoding = 4; lastKnownFileType = sourcecode.cpp.h; path = GXFont.hpp; sourceTree = "<group>"; };
		59E0D38B1ECEF15200BF10C4 /* GXFont.cpp */ = {isa = PBXFileReference; fileEncoding = 4; lastKnownFileType = sourcecode.cpp.cpp; path = GXFont.cpp; sourceTree = "<group>"; };
		59E0D39B1ED0917600BF10C4 /* GXTextContainer.cpp */ = {isa = PBXFileReference; lastKnownFileType = sourcecode.cpp.cpp; path = GXTextContainer.cpp; sourceTree = "<group>"; };
		59E0D39D1ED0918A00BF10C4 /* GXTextContainer.hpp */ = {isa = PBXFileReference; fileEncoding = 4; lastKnownFileType = sourcecode.cpp.h; path = GXTextContainer.hpp; sourceTree = "<group>"; };
		59E0D3E91ED4A71E00BF10C4 /* GX.hpp */ = {isa = PBXFileReference; fileEncoding = 4; lastKnownFileType = sourcecode.cpp.h; path = GX.hpp; sourceTree = "<group>"; };
		59F0D6BB1EE43F6D006461F2 /* piGL.c */ = {isa = PBXFileReference; lastKnownFileType = sourcecode.c.c; path = piGL.c; sourceTree = "<group>"; };
		59F0D6BC1EE43F6D006461F2 /* piGL.h */ = {isa = PBXFileReference; lastKnownFileType = sourcecode.c.h; path = piGL.h; sourceTree = "<group>"; };
		59F83A1E1EFBA3DA00D28B92 /* GXUnitTests */ = {isa = PBXFileReference; explicitFileType = "compiled.mach-o.executable"; includeInIndex = 0; path = GXUnitTests; sourceTree = BUILT_PRODUCTS_DIR; };
		59F83A201EFBA41800D28B92 /* mainUnitTests.cpp */ = {isa = PBXFileReference; fileEncoding = 4; lastKnownFileType = sourcecode.cpp.cpp; path = mainUnitTests.cpp; sourceTree = "<group>"; };
		59F83A221EFBA44D00D28B92 /* GXLayerUnitTest.cpp */ = {isa = PBXFileReference; fileEncoding = 4; lastKnownFileType = sourcecode.cpp.cpp; path = GXLayerUnitTest.cpp; sourceTree = "<group>"; };
		59F83A231EFBA44D00D28B92 /* GXLayerUnitTest.hpp */ = {isa = PBXFileReference; fileEncoding = 4; lastKnownFileType = sourcecode.cpp.h; path = GXLayerUnitTest.hpp; sourceTree = "<group>"; };
		59F83A3F1EFBD4DF00D28B92 /* GXDisplay.cpp */ = {isa = PBXFileReference; fileEncoding = 4; lastKnownFileType = sourcecode.cpp.cpp; path = GXDisplay.cpp; sourceTree = "<group>"; };
		59F83A431EFBD4F500D28B92 /* GXDisplay.hpp */ = {isa = PBXFileReference; fileEncoding = 4; lastKnownFileType = sourcecode.cpp.h; path = GXDisplay.hpp; sourceTree = "<group>"; };
		59FA9D801E9217CD00A96B57 /* GX */ = {isa = PBXFileReference; explicitFileType = "compiled.mach-o.executable"; includeInIndex = 0; path = GX; sourceTree = BUILT_PRODUCTS_DIR; };
		59FA9D961E92183E00A96B57 /* OpenGL.framework */ = {isa = PBXFileReference; lastKnownFileType = wrapper.framework; name = OpenGL.framework; path = System/Library/Frameworks/OpenGL.framework; sourceTree = SDKROOT; };
		59FA9D9E1E921A6000A96B57 /* libglfw.3.dylib */ = {isa = PBXFileReference; lastKnownFileType = "compiled.mach-o.dylib"; name = libglfw.3.dylib; path = ../../../../../../usr/local/lib/libglfw.3.dylib; sourceTree = "<group>"; };
/* End PBXFileReference section */

/* Begin PBXFrameworksBuildPhase section */
		595B2EF71ECB063B00B4FE62 /* Frameworks */ = {
			isa = PBXFrameworksBuildPhase;
			buildActionMask = 2147483647;
			files = (
				595B2F161ECB068600B4FE62 /* libGroundBase-cpp.dylib in Frameworks */,
				595B2F171ECB068800B4FE62 /* libglfw.3.dylib in Frameworks */,
				595B2F181ECB068A00B4FE62 /* OpenGL.framework in Frameworks */,
			);
			runOnlyForDeploymentPostprocessing = 0;
		};
		59F83A151EFBA3DA00D28B92 /* Frameworks */ = {
			isa = PBXFrameworksBuildPhase;
			buildActionMask = 2147483647;
			files = (
				59F83A161EFBA3DA00D28B92 /* libGX.dylib in Frameworks */,
				59F83A171EFBA3DA00D28B92 /* libGroundBase-cpp.dylib in Frameworks */,
				59F83A181EFBA3DA00D28B92 /* libglfw.3.dylib in Frameworks */,
				59F83A191EFBA3DA00D28B92 /* OpenGL.framework in Frameworks */,
			);
			runOnlyForDeploymentPostprocessing = 0;
		};
		59FA9D7D1E9217CD00A96B57 /* Frameworks */ = {
			isa = PBXFrameworksBuildPhase;
			buildActionMask = 2147483647;
			files = (
				595B2F191ECB06EE00B4FE62 /* libGX.dylib in Frameworks */,
				595B2F1A1ECB071000B4FE62 /* libGroundBase-cpp.dylib in Frameworks */,
				595B2F1B1ECB071F00B4FE62 /* libglfw.3.dylib in Frameworks */,
				595B2F1C1ECB072200B4FE62 /* OpenGL.framework in Frameworks */,
			);
			runOnlyForDeploymentPostprocessing = 0;
		};
/* End PBXFrameworksBuildPhase section */

/* Begin PBXGroup section */
		595591241EB79B3B0049D6FA /* src */ = {
			isa = PBXGroup;
			children = (
				59F83A3F1EFBD4DF00D28B92 /* GXDisplay.cpp */,
				595591451EB87B050049D6FA /* Display */,
				59E0D39B1ED0917600BF10C4 /* GXTextContainer.cpp */,
				59E0D38B1ECEF15200BF10C4 /* GXFont.cpp */,
				59E0D32D1ECD977900BF10C4 /* GXContext.cpp */,
				5955912B1EB79B3B0049D6FA /* GXLayer.cpp */,
				595591301EB79B3B0049D6FA /* nanovg */,
				595591391EB79B3B0049D6FA /* NG.h */,
			);
			path = src;
			sourceTree = "<group>";
		};
		595591301EB79B3B0049D6FA /* nanovg */ = {
			isa = PBXGroup;
			children = (
				595591311EB79B3B0049D6FA /* fontstash.h */,
				595591321EB79B3B0049D6FA /* nanovg.c */,
				595591331EB79B3B0049D6FA /* nanovg.h */,
				595591341EB79B3B0049D6FA /* nanovg_gl.c */,
				595591351EB79B3B0049D6FA /* nanovg_gl.h */,
				595591361EB79B3B0049D6FA /* nanovg_gl_utils.h */,
				595591371EB79B3B0049D6FA /* stb_image.h */,
				595591381EB79B3B0049D6FA /* stb_truetype.h */,
			);
			path = nanovg;
			sourceTree = "<group>";
		};
		595591451EB87B050049D6FA /* Display */ = {
			isa = PBXGroup;
			children = (
				59F0D6BB1EE43F6D006461F2 /* piGL.c */,
				59F0D6BC1EE43F6D006461F2 /* piGL.h */,
				595591471EB87B050049D6FA /* DisplayDispMan.c */,
				595591481EB87B050049D6FA /* DisplayGLFW.c */,
			);
			path = Display;
			sourceTree = "<group>";
		};
		59E0D3201ECD974C00BF10C4 /* include */ = {
			isa = PBXGroup;
			children = (
				59E0D32F1ECD97A900BF10C4 /* Display.h */,
				59E0D3E91ED4A71E00BF10C4 /* GX.hpp */,
				59E0D39D1ED0918A00BF10C4 /* GXTextContainer.hpp */,
				594285011EF7C08D0080DEAA /* GXText.hpp */,
				59E0D3301ECD97A900BF10C4 /* GXEvent.h */,
				59E0D3311ECD97A900BF10C4 /* GXKey.h */,
				59E0D3211ECD976C00BF10C4 /* GXColor.hpp */,
				59E0D3231ECD976C00BF10C4 /* GXContext.hpp */,
				59F83A431EFBD4F500D28B92 /* GXDisplay.hpp */,
				59E0D3881ECEF13900BF10C4 /* GXFont.hpp */,
				59E0D3241ECD976C00BF10C4 /* GXGeometry.hpp */,
				59E0D3251ECD976C00BF10C4 /* GXLayer.hpp */,
			);
			path = include;
			sourceTree = "<group>";
		};
		59E0D3351ECD984100BF10C4 /* Tests */ = {
			isa = PBXGroup;
			children = (
				59E0D3361ECD984100BF10C4 /* main.cpp */,
			);
			path = Tests;
			sourceTree = "<group>";
		};
		59F83A1F1EFBA41800D28B92 /* UnitTests */ = {
			isa = PBXGroup;
			children = (
				59F83A201EFBA41800D28B92 /* mainUnitTests.cpp */,
				59F83A221EFBA44D00D28B92 /* GXLayerUnitTest.cpp */,
				59F83A231EFBA44D00D28B92 /* GXLayerUnitTest.hpp */,
			);
			path = UnitTests;
			sourceTree = "<group>";
		};
		59FA9D771E9217CD00A96B57 = {
			isa = PBXGroup;
			children = (
				59E0D3201ECD974C00BF10C4 /* include */,
				595591241EB79B3B0049D6FA /* src */,
				59E0D3351ECD984100BF10C4 /* Tests */,
				59F83A1F1EFBA41800D28B92 /* UnitTests */,
				59FA9D811E9217CD00A96B57 /* Products */,
				59FA9D951E92183E00A96B57 /* Frameworks */,
			);
			sourceTree = "<group>";
		};
		59FA9D811E9217CD00A96B57 /* Products */ = {
			isa = PBXGroup;
			children = (
				59FA9D801E9217CD00A96B57 /* GX */,
				595B2EFA1ECB063B00B4FE62 /* libGX.dylib */,
				59F83A1E1EFBA3DA00D28B92 /* GXUnitTests */,
			);
			name = Products;
			sourceTree = "<group>";
		};
		59FA9D951E92183E00A96B57 /* Frameworks */ = {
			isa = PBXGroup;
			children = (
				5955914A1EB87B9B0049D6FA /* libGroundBase-cpp.dylib */,
				59FA9D9E1E921A6000A96B57 /* libglfw.3.dylib */,
				59FA9D961E92183E00A96B57 /* OpenGL.framework */,
			);
			name = Frameworks;
			sourceTree = "<group>";
		};
/* End PBXGroup section */

/* Begin PBXHeadersBuildPhase section */
		595B2EF81ECB063B00B4FE62 /* Headers */ = {
			isa = PBXHeadersBuildPhase;
			buildActionMask = 2147483647;
			files = (
				594285021EF7C08D0080DEAA /* GXText.hpp in Headers */,
				59F83A441EFBD4F500D28B92 /* GXDisplay.hpp in Headers */,
				595B2F111ECB066200B4FE62 /* stb_image.h in Headers */,
				595B2F0F1ECB066200B4FE62 /* nanovg_gl.h in Headers */,
				595B2F131ECB066200B4FE62 /* NG.h in Headers */,
				59E0D3271ECD976C00BF10C4 /* GXColor.hpp in Headers */,
				59E0D32A1ECD976C00BF10C4 /* GXGeometry.hpp in Headers */,
				59E0D3321ECD97A900BF10C4 /* Display.h in Headers */,
				59E0D3EA1ED4A71E00BF10C4 /* GX.hpp in Headers */,
				59E0D38A1ECEF13900BF10C4 /* GXFont.hpp in Headers */,
				595B2F0B1ECB066200B4FE62 /* fontstash.h in Headers */,
				595B2F101ECB066200B4FE62 /* nanovg_gl_utils.h in Headers */,
				595B2F121ECB066200B4FE62 /* stb_truetype.h in Headers */,
				59E0D3331ECD97A900BF10C4 /* GXEvent.h in Headers */,
				595B2F0D1ECB066200B4FE62 /* nanovg.h in Headers */,
				59E0D3341ECD97A900BF10C4 /* GXKey.h in Headers */,
				59E0D39E1ED0918A00BF10C4 /* GXTextContainer.hpp in Headers */,
				59E0D32B1ECD976C00BF10C4 /* GXLayer.hpp in Headers */,
				59E0D3291ECD976C00BF10C4 /* GXContext.hpp in Headers */,
			);
			runOnlyForDeploymentPostprocessing = 0;
		};
/* End PBXHeadersBuildPhase section */

/* Begin PBXNativeTarget section */
		595B2EF91ECB063B00B4FE62 /* libGX */ = {
			isa = PBXNativeTarget;
			buildConfigurationList = 595B2EFD1ECB063B00B4FE62 /* Build configuration list for PBXNativeTarget "libGX" */;
			buildPhases = (
				595B2EF61ECB063B00B4FE62 /* Sources */,
				595B2EF71ECB063B00B4FE62 /* Frameworks */,
				595B2EF81ECB063B00B4FE62 /* Headers */,
			);
			buildRules = (
			);
			dependencies = (
			);
			name = libGX;
			productName = libGX;
			productReference = 595B2EFA1ECB063B00B4FE62 /* libGX.dylib */;
			productType = "com.apple.product-type.library.dynamic";
		};
		59F83A121EFBA3DA00D28B92 /* GXUnitTests */ = {
			isa = PBXNativeTarget;
			buildConfigurationList = 59F83A1B1EFBA3DA00D28B92 /* Build configuration list for PBXNativeTarget "GXUnitTests" */;
			buildPhases = (
				59F83A131EFBA3DA00D28B92 /* Sources */,
				59F83A151EFBA3DA00D28B92 /* Frameworks */,
				59F83A1A1EFBA3DA00D28B92 /* CopyFiles */,
			);
			buildRules = (
			);
			dependencies = (
			);
			name = GXUnitTests;
			productName = nanoVG;
			productReference = 59F83A1E1EFBA3DA00D28B92 /* GXUnitTests */;
			productType = "com.apple.product-type.tool";
		};
		59FA9D7F1E9217CD00A96B57 /* GX */ = {
			isa = PBXNativeTarget;
			buildConfigurationList = 59FA9D871E9217CD00A96B57 /* Build configuration list for PBXNativeTarget "GX" */;
			buildPhases = (
				59FA9D7C1E9217CD00A96B57 /* Sources */,
				59FA9D7D1E9217CD00A96B57 /* Frameworks */,
				59FA9D7E1E9217CD00A96B57 /* CopyFiles */,
			);
			buildRules = (
			);
			dependencies = (
			);
			name = GX;
			productName = nanoVG;
			productReference = 59FA9D801E9217CD00A96B57 /* GX */;
			productType = "com.apple.product-type.tool";
		};
/* End PBXNativeTarget section */

/* Begin PBXProject section */
		59FA9D781E9217CD00A96B57 /* Project object */ = {
			isa = PBXProject;
			attributes = {
				LastUpgradeCheck = 0820;
				ORGANIZATIONNAME = "Unlimited Development";
				TargetAttributes = {
					595B2EF91ECB063B00B4FE62 = {
						CreatedOnToolsVersion = 8.2;
						ProvisioningStyle = Automatic;
					};
					59FA9D7F1E9217CD00A96B57 = {
						CreatedOnToolsVersion = 8.2;
						ProvisioningStyle = Automatic;
					};
				};
			};
			buildConfigurationList = 59FA9D7B1E9217CD00A96B57 /* Build configuration list for PBXProject "GX" */;
			compatibilityVersion = "Xcode 3.2";
			developmentRegion = English;
			hasScannedForEncodings = 0;
			knownRegions = (
				en,
			);
			mainGroup = 59FA9D771E9217CD00A96B57;
			productRefGroup = 59FA9D811E9217CD00A96B57 /* Products */;
			projectDirPath = "";
			projectRoot = "";
			targets = (
				59FA9D7F1E9217CD00A96B57 /* GX */,
				595B2EF91ECB063B00B4FE62 /* libGX */,
				59F83A121EFBA3DA00D28B92 /* GXUnitTests */,
			);
		};
/* End PBXProject section */

/* Begin PBXSourcesBuildPhase section */
		595B2EF61ECB063B00B4FE62 /* Sources */ = {
			isa = PBXSourcesBuildPhase;
			buildActionMask = 2147483647;
			files = (
				595B2F071ECB066200B4FE62 /* GXLayer.cpp in Sources */,
				59E0D32E1ECD977900BF10C4 /* GXContext.cpp in Sources */,
				595B2F0E1ECB066200B4FE62 /* nanovg_gl.c in Sources */,
				59F83A411EFBD4DF00D28B92 /* GXDisplay.cpp in Sources */,
				595B2F0C1ECB066200B4FE62 /* nanovg.c in Sources */,
				59E0D38C1ECEF15200BF10C4 /* GXFont.cpp in Sources */,
				595B2F021ECB065100B4FE62 /* DisplayGLFW.c in Sources */,
				59E0D3A91ED180BB00BF10C4 /* GXTextContainer.cpp in Sources */,
			);
			runOnlyForDeploymentPostprocessing = 0;
		};
		59F83A131EFBA3DA00D28B92 /* Sources */ = {
			isa = PBXSourcesBuildPhase;
			buildActionMask = 2147483647;
			files = (
				59F83A241EFBA44D00D28B92 /* GXLayerUnitTest.cpp in Sources */,
				59F83A211EFBA41800D28B92 /* mainUnitTests.cpp in Sources */,
			);
			runOnlyForDeploymentPostprocessing = 0;
		};
		59FA9D7C1E9217CD00A96B57 /* Sources */ = {
			isa = PBXSourcesBuildPhase;
			buildActionMask = 2147483647;
			files = (
				59E0D3371ECD984100BF10C4 /* main.cpp in Sources */,
			);
			runOnlyForDeploymentPostprocessing = 0;
		};
/* End PBXSourcesBuildPhase section */

/* Begin XCBuildConfiguration section */
		595B2EFB1ECB063B00B4FE62 /* Debug */ = {
			isa = XCBuildConfiguration;
			buildSettings = {
				CLANG_WARN_DOCUMENTATION_COMMENTS = YES;
				DEPLOYMENT_LOCATION = YES;
				DSTROOT = /;
				DYLIB_COMPATIBILITY_VERSION = 1;
				DYLIB_CURRENT_VERSION = 1;
				HEADER_SEARCH_PATHS = (
					/usr/local/include/,
					/usr/local/include/GroundBase/,
					$PROJECT_DIR/include/,
				);
				PRIVATE_HEADERS_FOLDER_PATH = "";
				PRODUCT_NAME = "$(TARGET_NAME)";
				PUBLIC_HEADERS_FOLDER_PATH = /usr/local/include/GX/;
			};
			name = Debug;
		};
		595B2EFC1ECB063B00B4FE62 /* Release */ = {
			isa = XCBuildConfiguration;
			buildSettings = {
				CLANG_WARN_DOCUMENTATION_COMMENTS = YES;
				DEPLOYMENT_LOCATION = YES;
				DSTROOT = /;
				DYLIB_COMPATIBILITY_VERSION = 1;
				DYLIB_CURRENT_VERSION = 1;
				HEADER_SEARCH_PATHS = (
					/usr/local/include/,
					/usr/local/include/GroundBase/,
					$PROJECT_DIR/include/,
				);
				PRIVATE_HEADERS_FOLDER_PATH = "";
				PRODUCT_NAME = "$(TARGET_NAME)";
				PUBLIC_HEADERS_FOLDER_PATH = /usr/local/include/GX/;
			};
			name = Release;
		};
		59F83A1C1EFBA3DA00D28B92 /* Debug */ = {
			isa = XCBuildConfiguration;
			buildSettings = {
				PRODUCT_NAME = "$(TARGET_NAME)";
			};
			name = Debug;
		};
		59F83A1D1EFBA3DA00D28B92 /* Release */ = {
			isa = XCBuildConfiguration;
			buildSettings = {
				PRODUCT_NAME = "$(TARGET_NAME)";
			};
			name = Release;
		};
		59FA9D851E9217CD00A96B57 /* Debug */ = {
			isa = XCBuildConfiguration;
			buildSettings = {
				ALWAYS_SEARCH_USER_PATHS = NO;
				CLANG_ANALYZER_NONNULL = YES;
				CLANG_CXX_LANGUAGE_STANDARD = "gnu++0x";
				CLANG_CXX_LIBRARY = "libc++";
				CLANG_ENABLE_MODULES = YES;
				CLANG_ENABLE_OBJC_ARC = YES;
				CLANG_WARN_BOOL_CONVERSION = YES;
				CLANG_WARN_CONSTANT_CONVERSION = YES;
				CLANG_WARN_DIRECT_OBJC_ISA_USAGE = YES_ERROR;
				CLANG_WARN_DOCUMENTATION_COMMENTS = NO;
				CLANG_WARN_EMPTY_BODY = YES;
				CLANG_WARN_ENUM_CONVERSION = YES;
				CLANG_WARN_INFINITE_RECURSION = YES;
				CLANG_WARN_INT_CONVERSION = YES;
				CLANG_WARN_OBJC_ROOT_CLASS = YES_ERROR;
				CLANG_WARN_SUSPICIOUS_MOVE = YES;
				CLANG_WARN_UNREACHABLE_CODE = YES;
				CLANG_WARN__DUPLICATE_METHOD_MATCH = YES;
				CODE_SIGN_IDENTITY = "-";
				COPY_PHASE_STRIP = NO;
				DEBUG_INFORMATION_FORMAT = dwarf;
				ENABLE_STRICT_OBJC_MSGSEND = YES;
				ENABLE_TESTABILITY = YES;
				GCC_C_LANGUAGE_STANDARD = gnu99;
				GCC_DYNAMIC_NO_PIC = NO;
				GCC_NO_COMMON_BLOCKS = YES;
				GCC_OPTIMIZATION_LEVEL = 0;
				GCC_PREPROCESSOR_DEFINITIONS = (
					"DEBUG=1",
					"$(inherited)",
				);
				GCC_WARN_64_TO_32_BIT_CONVERSION = YES;
				GCC_WARN_ABOUT_RETURN_TYPE = YES_ERROR;
				GCC_WARN_PEDANTIC = YES;
				GCC_WARN_UNDECLARED_SELECTOR = YES;
				GCC_WARN_UNINITIALIZED_AUTOS = YES_AGGRESSIVE;
				GCC_WARN_UNUSED_FUNCTION = YES;
				GCC_WARN_UNUSED_VARIABLE = YES;
				HEADER_SEARCH_PATHS = (
					/usr/local/include/,
					/usr/local/include/GroundBase/,
				);
				LIBRARY_SEARCH_PATHS = /usr/local/lib/;
				MACOSX_DEPLOYMENT_TARGET = 10.12;
				MTL_ENABLE_DEBUG_INFO = YES;
				ONLY_ACTIVE_ARCH = YES;
				OTHER_CFLAGS = (
					"-DUSE_GLFW",
					"-DNANOVG_GL3_IMPLEMENTATION",
				);
				SDKROOT = macosx;
				USER_HEADER_SEARCH_PATHS = .;
				WARNING_CFLAGS = "-fpermissive";
			};
			name = Debug;
		};
		59FA9D861E9217CD00A96B57 /* Release */ = {
			isa = XCBuildConfiguration;
			buildSettings = {
				ALWAYS_SEARCH_USER_PATHS = NO;
				CLANG_ANALYZER_NONNULL = YES;
				CLANG_CXX_LANGUAGE_STANDARD = "gnu++0x";
				CLANG_CXX_LIBRARY = "libc++";
				CLANG_ENABLE_MODULES = YES;
				CLANG_ENABLE_OBJC_ARC = YES;
				CLANG_WARN_BOOL_CONVERSION = YES;
				CLANG_WARN_CONSTANT_CONVERSION = YES;
				CLANG_WARN_DIRECT_OBJC_ISA_USAGE = YES_ERROR;
				CLANG_WARN_DOCUMENTATION_COMMENTS = NO;
				CLANG_WARN_EMPTY_BODY = YES;
				CLANG_WARN_ENUM_CONVERSION = YES;
				CLANG_WARN_INFINITE_RECURSION = YES;
				CLANG_WARN_INT_CONVERSION = YES;
				CLANG_WARN_OBJC_ROOT_CLASS = YES_ERROR;
				CLANG_WARN_SUSPICIOUS_MOVE = YES;
				CLANG_WARN_UNREACHABLE_CODE = YES;
				CLANG_WARN__DUPLICATE_METHOD_MATCH = YES;
				CODE_SIGN_IDENTITY = "-";
				COPY_PHASE_STRIP = NO;
				DEBUG_INFORMATION_FORMAT = "dwarf-with-dsym";
				ENABLE_NS_ASSERTIONS = NO;
				ENABLE_STRICT_OBJC_MSGSEND = YES;
				GCC_C_LANGUAGE_STANDARD = gnu99;
				GCC_NO_COMMON_BLOCKS = YES;
				GCC_WARN_64_TO_32_BIT_CONVERSION = YES;
				GCC_WARN_ABOUT_RETURN_TYPE = YES_ERROR;
				GCC_WARN_PEDANTIC = YES;
				GCC_WARN_UNDECLARED_SELECTOR = YES;
				GCC_WARN_UNINITIALIZED_AUTOS = YES_AGGRESSIVE;
				GCC_WARN_UNUSED_FUNCTION = YES;
				GCC_WARN_UNUSED_VARIABLE = YES;
				HEADER_SEARCH_PATHS = (
					/usr/local/include/,
					/usr/local/include/GroundBase/,
				);
				LIBRARY_SEARCH_PATHS = /usr/local/lib/;
				MACOSX_DEPLOYMENT_TARGET = 10.12;
				MTL_ENABLE_DEBUG_INFO = NO;
				OTHER_CFLAGS = (
					"-DUSE_GLFW",
					"-DNANOVG_GL3_IMPLEMENTATION",
				);
				SDKROOT = macosx;
				USER_HEADER_SEARCH_PATHS = .;
				WARNING_CFLAGS = "-fpermissive";
			};
			name = Release;
		};
		59FA9D881E9217CD00A96B57 /* Debug */ = {
			isa = XCBuildConfiguration;
			buildSettings = {
				HEADER_SEARCH_PATHS = (
					/usr/local/include/,
					/usr/local/include/GroundBase/,
					/usr/local/include/GX/,
				);
				PRODUCT_NAME = "$(TARGET_NAME)";
			};
			name = Debug;
		};
		59FA9D891E9217CD00A96B57 /* Release */ = {
			isa = XCBuildConfiguration;
			buildSettings = {
				HEADER_SEARCH_PATHS = (
					/usr/local/include/,
					/usr/local/include/GroundBase/,
					/usr/local/include/GX/,
				);
				PRODUCT_NAME = "$(TARGET_NAME)";
			};
			name = Release;
		};
/* End XCBuildConfiguration section */

/* Begin XCConfigurationList section */
		595B2EFD1ECB063B00B4FE62 /* Build configuration list for PBXNativeTarget "libGX" */ = {
			isa = XCConfigurationList;
			buildConfigurations = (
				595B2EFB1ECB063B00B4FE62 /* Debug */,
				595B2EFC1ECB063B00B4FE62 /* Release */,
			);
			defaultConfigurationIsVisible = 0;
			defaultConfigurationName = Release;
		};
		59F83A1B1EFBA3DA00D28B92 /* Build configuration list for PBXNativeTarget "GXUnitTests" */ = {
			isa = XCConfigurationList;
			buildConfigurations = (
				59F83A1C1EFBA3DA00D28B92 /* Debug */,
				59F83A1D1EFBA3DA00D28B92 /* Release */,
			);
			defaultConfigurationIsVisible = 0;
			defaultConfigurationName = Release;
		};
		59FA9D7B1E9217CD00A96B57 /* Build configuration list for PBXProject "GX" */ = {
			isa = XCConfigurationList;
			buildConfigurations = (
				59FA9D851E9217CD00A96B57 /* Debug */,
				59FA9D861E9217CD00A96B57 /* Release */,
			);
			defaultConfigurationIsVisible = 0;
			defaultConfigurationName = Release;
		};
		59FA9D871E9217CD00A96B57 /* Build configuration list for PBXNativeTarget "GX" */ = {
			isa = XCConfigurationList;
			buildConfigurations = (
				59FA9D881E9217CD00A96B57 /* Debug */,
				59FA9D891E9217CD00A96B57 /* Release */,
			);
			defaultConfigurationIsVisible = 0;
			defaultConfigurationName = Release;
		};
/* End XCConfigurationList section */
	};
	rootObject = 59FA9D781E9217CD00A96B57 /* Project object */;
}
